
Microsoft Visual Studio Solution File, Format Version 12.00
# Visual Studio Version 16
VisualStudioVersion = 16.0.33927.289
MinimumVisualStudioVersion = 10.0.40219.1
Project("{2150E333-8FDC-42A3-9474-1A3956D46DE8}") = "Task0", "Task0", "{7C697C96-3324-4144-8E1E-FA7002C8D14E}"
EndProject
Project("{FAE04EC0-301F-11D3-BF4B-00C04F79EFBC}") = "Tyuiu.MenshikovEA.Sprint0.Task0.V0", "Tyuiu.MenshikovEA.Sprint0.Task0.V0\Tyuiu.MenshikovEA.Sprint0.Task0.V0.csproj", "{026B3C4B-3C3F-4382-BD03-0006C84DB252}"
EndProject
Project("{2150E333-8FDC-42A3-9474-1A3956D46DE8}") = "Task1", "Task1", "{509B5CFE-0C08-4344-8C57-A19C63B8D538}"
EndProject
Project("{FAE04EC0-301F-11D3-BF4B-00C04F79EFBC}") = "Tyuiu.MenshikovEA.Sprint0.Task1.V0", "Tyuiu.MenshikovEA.Sprint0.Task1.V0\Tyuiu.MenshikovEA.Sprint0.Task1.V0.csproj", "{0A202543-EF88-4F02-A524-39957891A7D7}"
EndProject
Project("{2150E333-8FDC-42A3-9474-1A3956D46DE8}") = "Task2", "Task2", "{3EFB99C0-8FF9-4C54-8E1A-6377B83529F1}"
EndProject
Project("{FAE04EC0-301F-11D3-BF4B-00C04F79EFBC}") = "Tyuiu.MenshikovEA.Sprint0.Task2.V0", "Tyuiu.MenshikovEA.Sprint0.Task2.V0\Tyuiu.MenshikovEA.Sprint0.Task2.V0.csproj", "{2369B490-AD7D-4B11-B4E6-917DAA8546D8}"
EndProject
Project("{FAE04EC0-301F-11D3-BF4B-00C04F79EFBC}") = "Tyuiu.MenshikovEA.Sprint0.Task2.V0.Lib", "Tyuiu.MenshikovEA.Sprint0.Task2.V0.Lib\Tyuiu.MenshikovEA.Sprint0.Task2.V0.Lib.csproj", "{5B665497-3F87-46F6-997C-092428B9F9B6}"
EndProject
Project("{FAE04EC0-301F-11D3-BF4B-00C04F79EFBC}") = "Tyuiu.MenshikovEA.Sprint0.Task2.V0.Test", "Tyuiu.MenshikovEA.Sprint0.Task2.V0.Test\Tyuiu.MenshikovEA.Sprint0.Task2.V0.Test.csproj", "{E98B3DD3-89C0-429E-9D52-00DB7C5DC8C9}"
EndProject
Project("{2150E333-8FDC-42A3-9474-1A3956D46DE8}") = "Task3", "Task3", "{4FCBAA68-D9DB-4326-ACC6-AD99BB030350}"
EndProject
Project("{FAE04EC0-301F-11D3-BF4B-00C04F79EFBC}") = "Tyuiu.MenshikovEA.Sprint0.Task3.V0", "Tyuiu.MenshikovEA.Sprint0.Task3.V0\Tyuiu.MenshikovEA.Sprint0.Task3.V0.csproj", "{55E9E4FB-F95C-40F1-8B7F-002930A133DE}"
EndProject
Project("{FAE04EC0-301F-11D3-BF4B-00C04F79EFBC}") = "Tyuiu.MenshikovEA.Sprint0.Task3.V0.Lib", "Tyuiu.MenshikovEA.Sprint0.Task3.V0.Lib\Tyuiu.MenshikovEA.Sprint0.Task3.V0.Lib.csproj", "{D221DA06-87CE-4D46-84BF-A140C5F100A3}"
EndProject
Project("{FAE04EC0-301F-11D3-BF4B-00C04F79EFBC}") = "Tyuiu.MenshikovEA.Sprint0.Task3.V0.Test", "Tyuiu.MenshikovEA.Sprint0.Task3.V0.Test\Tyuiu.MenshikovEA.Sprint0.Task3.V0.Test.csproj", "{AF632FBE-8B4E-4E96-AA04-D13740CA01EA}"
EndProject
Project("{2150E333-8FDC-42A3-9474-1A3956D46DE8}") = "Task4", "Task4", "{303D091F-AC11-4605-88DF-7C742AF9DBB9}"
EndProject
Project("{FAE04EC0-301F-11D3-BF4B-00C04F79EFBC}") = "Tyuiu.MenshikovEA.Sprint0.Task4.V0", "Tyuiu.MenshikovEA.Sprint0.Task4.V1\Tyuiu.MenshikovEA.Sprint0.Task4.V0.csproj", "{D5F78997-CEAC-49A9-A9EE-B165C6B9F16E}"
EndProject
Project("{FAE04EC0-301F-11D3-BF4B-00C04F79EFBC}") = "Tyuiu.MenshikovEA.Sprint0.Task4.V0.Lib", "Tyuiu.MenshikovEA.Sprint0.Task4.V0.Lib\Tyuiu.MenshikovEA.Sprint0.Task4.V0.Lib.csproj", "{93CFCE26-AFDF-486D-AED3-D839D7CB80B9}"
EndProject
Project("{FAE04EC0-301F-11D3-BF4B-00C04F79EFBC}") = "Tyuiu.MenshikovEA.Sprint0.Task4.V0.Test", "Tyuiu.MenshikovEA.Sprint0.Task4.V0.Test\Tyuiu.MenshikovEA.Sprint0.Task4.V0.Test.csproj", "{7C588462-7F1D-40BE-B973-2D28A4FF6936}"
EndProject
Global
	GlobalSection(SolutionConfigurationPlatforms) = preSolution
		Debug|Any CPU = Debug|Any CPU
		Release|Any CPU = Release|Any CPU
	EndGlobalSection
	GlobalSection(ProjectConfigurationPlatforms) = postSolution
		{026B3C4B-3C3F-4382-BD03-0006C84DB252}.Debug|Any CPU.ActiveCfg = Debug|Any CPU
		{026B3C4B-3C3F-4382-BD03-0006C84DB252}.Debug|Any CPU.Build.0 = Debug|Any CPU
		{026B3C4B-3C3F-4382-BD03-0006C84DB252}.Release|Any CPU.ActiveCfg = Release|Any CPU
		{026B3C4B-3C3F-4382-BD03-0006C84DB252}.Release|Any CPU.Build.0 = Release|Any CPU
		{0A202543-EF88-4F02-A524-39957891A7D7}.Debug|Any CPU.ActiveCfg = Debug|Any CPU
		{0A202543-EF88-4F02-A524-39957891A7D7}.Debug|Any CPU.Build.0 = Debug|Any CPU
		{0A202543-EF88-4F02-A524-39957891A7D7}.Release|Any CPU.ActiveCfg = Release|Any CPU
		{0A202543-EF88-4F02-A524-39957891A7D7}.Release|Any CPU.Build.0 = Release|Any CPU
		{2369B490-AD7D-4B11-B4E6-917DAA8546D8}.Debug|Any CPU.ActiveCfg = Debug|Any CPU
		{2369B490-AD7D-4B11-B4E6-917DAA8546D8}.Debug|Any CPU.Build.0 = Debug|Any CPU
		{2369B490-AD7D-4B11-B4E6-917DAA8546D8}.Release|Any CPU.ActiveCfg = Release|Any CPU
		{2369B490-AD7D-4B11-B4E6-917DAA8546D8}.Release|Any CPU.Build.0 = Release|Any CPU
		{5B665497-3F87-46F6-997C-092428B9F9B6}.Debug|Any CPU.ActiveCfg = Debug|Any CPU
		{5B665497-3F87-46F6-997C-092428B9F9B6}.Debug|Any CPU.Build.0 = Debug|Any CPU
		{5B665497-3F87-46F6-997C-092428B9F9B6}.Release|Any CPU.ActiveCfg = Release|Any CPU
		{5B665497-3F87-46F6-997C-092428B9F9B6}.Release|Any CPU.Build.0 = Release|Any CPU
		{E98B3DD3-89C0-429E-9D52-00DB7C5DC8C9}.Debug|Any CPU.ActiveCfg = Debug|Any CPU
		{E98B3DD3-89C0-429E-9D52-00DB7C5DC8C9}.Debug|Any CPU.Build.0 = Debug|Any CPU
		{E98B3DD3-89C0-429E-9D52-00DB7C5DC8C9}.Release|Any CPU.ActiveCfg = Release|Any CPU
		{E98B3DD3-89C0-429E-9D52-00DB7C5DC8C9}.Release|Any CPU.Build.0 = Release|Any CPU
		{55E9E4FB-F95C-40F1-8B7F-002930A133DE}.Debug|Any CPU.ActiveCfg = Debug|Any CPU
		{55E9E4FB-F95C-40F1-8B7F-002930A133DE}.Debug|Any CPU.Build.0 = Debug|Any CPU
		{55E9E4FB-F95C-40F1-8B7F-002930A133DE}.Release|Any CPU.ActiveCfg = Release|Any CPU
		{55E9E4FB-F95C-40F1-8B7F-002930A133DE}.Release|Any CPU.Build.0 = Release|Any CPU
		{D221DA06-87CE-4D46-84BF-A140C5F100A3}.Debug|Any CPU.ActiveCfg = Debug|Any CPU
		{D221DA06-87CE-4D46-84BF-A140C5F100A3}.Debug|Any CPU.Build.0 = Debug|Any CPU
		{D221DA06-87CE-4D46-84BF-A140C5F100A3}.Release|Any CPU.ActiveCfg = Release|Any CPU
		{D221DA06-87CE-4D46-84BF-A140C5F100A3}.Release|Any CPU.Build.0 = Release|Any CPU
		{AF632FBE-8B4E-4E96-AA04-D13740CA01EA}.Debug|Any CPU.ActiveCfg = Debug|Any CPU
		{AF632FBE-8B4E-4E96-AA04-D13740CA01EA}.Debug|Any CPU.Build.0 = Debug|Any CPU
		{AF632FBE-8B4E-4E96-AA04-D13740CA01EA}.Release|Any CPU.ActiveCfg = Release|Any CPU
		{AF632FBE-8B4E-4E96-AA04-D13740CA01EA}.Release|Any CPU.Build.0 = Release|Any CPU
		{D5F78997-CEAC-49A9-A9EE-B165C6B9F16E}.Debug|Any CPU.ActiveCfg = Debug|Any CPU
		{D5F78997-CEAC-49A9-A9EE-B165C6B9F16E}.Debug|Any CPU.Build.0 = Debug|Any CPU
		{D5F78997-CEAC-49A9-A9EE-B165C6B9F16E}.Release|Any CPU.ActiveCfg = Release|Any CPU
		{D5F78997-CEAC-49A9-A9EE-B165C6B9F16E}.Release|Any CPU.Build.0 = Release|Any CPU
		{93CFCE26-AFDF-486D-AED3-D839D7CB80B9}.Debug|Any CPU.ActiveCfg = Debug|Any CPU
		{93CFCE26-AFDF-486D-AED3-D839D7CB80B9}.Debug|Any CPU.Build.0 = Debug|Any CPU
		{93CFCE26-AFDF-486D-AED3-D839D7CB80B9}.Release|Any CPU.ActiveCfg = Release|Any CPU
		{93CFCE26-AFDF-486D-AED3-D839D7CB80B9}.Release|Any CPU.Build.0 = Release|Any CPU
		{7C588462-7F1D-40BE-B973-2D28A4FF6936}.Debug|Any CPU.ActiveCfg = Debug|Any CPU
		{7C588462-7F1D-40BE-B973-2D28A4FF6936}.Debug|Any CPU.Build.0 = Debug|Any CPU
		{7C588462-7F1D-40BE-B973-2D28A4FF6936}.Release|Any CPU.ActiveCfg = Release|Any CPU
		{7C588462-7F1D-40BE-B973-2D28A4FF6936}.Release|Any CPU.Build.0 = Release|Any CPU
	EndGlobalSection
	GlobalSection(SolutionProperties) = preSolution
		HideSolutionNode = FALSE
	EndGlobalSection
	GlobalSection(NestedProjects) = preSolution
		{026B3C4B-3C3F-4382-BD03-0006C84DB252} = {7C697C96-3324-4144-8E1E-FA7002C8D14E}
		{0A202543-EF88-4F02-A524-39957891A7D7} = {509B5CFE-0C08-4344-8C57-A19C63B8D538}
		{2369B490-AD7D-4B11-B4E6-917DAA8546D8} = {3EFB99C0-8FF9-4C54-8E1A-6377B83529F1}
		{5B665497-3F87-46F6-997C-092428B9F9B6} = {3EFB99C0-8FF9-4C54-8E1A-6377B83529F1}
		{E98B3DD3-89C0-429E-9D52-00DB7C5DC8C9} = {3EFB99C0-8FF9-4C54-8E1A-6377B83529F1}
		{55E9E4FB-F95C-40F1-8B7F-002930A133DE} = {4FCBAA68-D9DB-4326-ACC6-AD99BB030350}
		{D221DA06-87CE-4D46-84BF-A140C5F100A3} = {4FCBAA68-D9DB-4326-ACC6-AD99BB030350}
		{AF632FBE-8B4E-4E96-AA04-D13740CA01EA} = {4FCBAA68-D9DB-4326-ACC6-AD99BB030350}
		{D5F78997-CEAC-49A9-A9EE-B165C6B9F16E} = {303D091F-AC11-4605-88DF-7C742AF9DBB9}
		{93CFCE26-AFDF-486D-AED3-D839D7CB80B9} = {303D091F-AC11-4605-88DF-7C742AF9DBB9}
		{7C588462-7F1D-40BE-B973-2D28A4FF6936} = {303D091F-AC11-4605-88DF-7C742AF9DBB9}
	EndGlobalSection
	GlobalSection(ExtensibilityGlobals) = postSolution
		SolutionGuid = {D903690C-EA10-4292-A84D-1C5A09E08066}
	EndGlobalSection
EndGlobal
