
Microsoft Visual Studio Solution File, Format Version 12.00
# Visual Studio Version 16
VisualStudioVersion = 16.0.33927.289
MinimumVisualStudioVersion = 10.0.40219.1
Project("{2150E333-8FDC-42A3-9474-1A3956D46DE8}") = "Task0", "Task0", "{7C697C96-3324-4144-8E1E-FA7002C8D14E}"
EndProject
Project("{FAE04EC0-301F-11D3-BF4B-00C04F79EFBC}") = "Tyuiu.MenshikovEA.Sprint0.Task0.V0", "Tyuiu.MenshikovEA.Sprint0.Task0.V0\Tyuiu.MenshikovEA.Sprint0.Task0.V0.csproj", "{026B3C4B-3C3F-4382-BD03-0006C84DB252}"
EndProject
Project("{2150E333-8FDC-42A3-9474-1A3956D46DE8}") = "Task1", "Task1", "{509B5CFE-0C08-4344-8C57-A19C63B8D538}"
EndProject
Project("{FAE04EC0-301F-11D3-BF4B-00C04F79EFBC}") = "Tyuiu.MenshikovEA.Sprint0.Task1.V0", "Tyuiu.MenshikovEA.Sprint0.Task1.V0\Tyuiu.MenshikovEA.Sprint0.Task1.V0.csproj", "{0A202543-EF88-4F02-A524-39957891A7D7}"
EndProject
Global
	GlobalSection(SolutionConfigurationPlatforms) = preSolution
		Debug|Any CPU = Debug|Any CPU
		Release|Any CPU = Release|Any CPU
	EndGlobalSection
	GlobalSection(ProjectConfigurationPlatforms) = postSolution
		{026B3C4B-3C3F-4382-BD03-0006C84DB252}.Debug|Any CPU.ActiveCfg = Debug|Any CPU
		{026B3C4B-3C3F-4382-BD03-0006C84DB252}.Debug|Any CPU.Build.0 = Debug|Any CPU
		{026B3C4B-3C3F-4382-BD03-0006C84DB252}.Release|Any CPU.ActiveCfg = Release|Any CPU
		{026B3C4B-3C3F-4382-BD03-0006C84DB252}.Release|Any CPU.Build.0 = Release|Any CPU
		{0A202543-EF88-4F02-A524-39957891A7D7}.Debug|Any CPU.ActiveCfg = Debug|Any CPU
		{0A202543-EF88-4F02-A524-39957891A7D7}.Debug|Any CPU.Build.0 = Debug|Any CPU
		{0A202543-EF88-4F02-A524-39957891A7D7}.Release|Any CPU.ActiveCfg = Release|Any CPU
		{0A202543-EF88-4F02-A524-39957891A7D7}.Release|Any CPU.Build.0 = Release|Any CPU
	EndGlobalSection
	GlobalSection(SolutionProperties) = preSolution
		HideSolutionNode = FALSE
	EndGlobalSection
	GlobalSection(NestedProjects) = preSolution
		{026B3C4B-3C3F-4382-BD03-0006C84DB252} = {7C697C96-3324-4144-8E1E-FA7002C8D14E}
		{0A202543-EF88-4F02-A524-39957891A7D7} = {509B5CFE-0C08-4344-8C57-A19C63B8D538}
	EndGlobalSection
	GlobalSection(ExtensibilityGlobals) = postSolution
		SolutionGuid = {D903690C-EA10-4292-A84D-1C5A09E08066}
	EndGlobalSection
EndGlobal
